
Microsoft Visual Studio Solution File, Format Version 12.00
# Visual Studio Version 17
VisualStudioVersion = 17.9.34723.18
MinimumVisualStudioVersion = 10.0.40219.1
Project("{9A19103F-16F7-4668-BE54-9A1E7A4F7556}") = "CSharpCalculator", "CSharpCalculator\CSharpCalculator.csproj", "{113785EE-0896-40A8-A4D9-4D035A5D8DE0}"
EndProject
Project("{FAE04EC0-301F-11D3-BF4B-00C04F79EFBC}") = "CShartCalculator Tests", "CShartCalculator Tests\CShartCalculator Tests.csproj", "{9B2645AD-B588-4D36-BF23-94CA1015304F}"
EndProject
Global
	GlobalSection(SolutionConfigurationPlatforms) = preSolution
		Debug|Any CPU = Debug|Any CPU
		Debug|x64 = Debug|x64
		Release|Any CPU = Release|Any CPU
		Release|x64 = Release|x64
	EndGlobalSection
	GlobalSection(ProjectConfigurationPlatforms) = postSolution
		{113785EE-0896-40A8-A4D9-4D035A5D8DE0}.Debug|Any CPU.ActiveCfg = Debug|Any CPU
		{113785EE-0896-40A8-A4D9-4D035A5D8DE0}.Debug|Any CPU.Build.0 = Debug|Any CPU
		{113785EE-0896-40A8-A4D9-4D035A5D8DE0}.Debug|x64.ActiveCfg = Debug|x64
		{113785EE-0896-40A8-A4D9-4D035A5D8DE0}.Debug|x64.Build.0 = Debug|x64
		{113785EE-0896-40A8-A4D9-4D035A5D8DE0}.Release|Any CPU.ActiveCfg = Release|Any CPU
		{113785EE-0896-40A8-A4D9-4D035A5D8DE0}.Release|Any CPU.Build.0 = Release|Any CPU
		{113785EE-0896-40A8-A4D9-4D035A5D8DE0}.Release|x64.ActiveCfg = Release|x64
		{113785EE-0896-40A8-A4D9-4D035A5D8DE0}.Release|x64.Build.0 = Release|x64
		{9B2645AD-B588-4D36-BF23-94CA1015304F}.Debug|Any CPU.ActiveCfg = Debug|Any CPU
		{9B2645AD-B588-4D36-BF23-94CA1015304F}.Debug|Any CPU.Build.0 = Debug|Any CPU
		{9B2645AD-B588-4D36-BF23-94CA1015304F}.Debug|x64.ActiveCfg = Debug|Any CPU
		{9B2645AD-B588-4D36-BF23-94CA1015304F}.Debug|x64.Build.0 = Debug|Any CPU
		{9B2645AD-B588-4D36-BF23-94CA1015304F}.Release|Any CPU.ActiveCfg = Release|Any CPU
		{9B2645AD-B588-4D36-BF23-94CA1015304F}.Release|Any CPU.Build.0 = Release|Any CPU
		{9B2645AD-B588-4D36-BF23-94CA1015304F}.Release|x64.ActiveCfg = Release|Any CPU
		{9B2645AD-B588-4D36-BF23-94CA1015304F}.Release|x64.Build.0 = Release|Any CPU
	EndGlobalSection
	GlobalSection(SolutionProperties) = preSolution
		HideSolutionNode = FALSE
	EndGlobalSection
	GlobalSection(ExtensibilityGlobals) = postSolution
		SolutionGuid = {C0CF4DE8-C1EF-4302-BFD9-859E87E72B47}
	EndGlobalSection
EndGlobal
